// !$*UTF8*$!
{
	archiveVersion = 1;
	classes = {
	};
	objectVersion = 46;
	objects = {

/* Begin PBXBuildFile section */
		5E05BACD1BED4CBC00B6670C /* libai.dylib in Frameworks */ = {isa = PBXBuildFile; fileRef = 5E05BACC1BED4CBC00B6670C /* libai.dylib */; };
		5E42D25D1BDCF90B008F3BB1 /* Client.cpp in Sources */ = {isa = PBXBuildFile; fileRef = 5E79A0751BDBE7BD00562B5F /* Client.cpp */; };
		5E42D25E1BDCF90B008F3BB1 /* Data.cpp in Sources */ = {isa = PBXBuildFile; fileRef = 5E79A0771BDBE7BD00562B5F /* Data.cpp */; };
		5E42D25F1BDCF90B008F3BB1 /* Server.cpp in Sources */ = {isa = PBXBuildFile; fileRef = 5E79A0791BDBE7BD00562B5F /* Server.cpp */; };
		5E42D3511BDD087E008F3BB1 /* libboost_context-mt-libstdc++.dylib in Frameworks */ = {isa = PBXBuildFile; fileRef = 5E42D3161BDD076E008F3BB1 /* libboost_context-mt-libstdc++.dylib */; settings = {ATTRIBUTES = (Required, ); }; };
		5E42D3521BDD087E008F3BB1 /* libboost_date_time-mt-libstdc++.dylib in Frameworks */ = {isa = PBXBuildFile; fileRef = 5E42D3171BDD076E008F3BB1 /* libboost_date_time-mt-libstdc++.dylib */; settings = {ATTRIBUTES = (Required, ); }; };
		5E42D3531BDD087E008F3BB1 /* libboost_filesystem-mt-libstdc++.dylib in Frameworks */ = {isa = PBXBuildFile; fileRef = 5E42D3181BDD076E008F3BB1 /* libboost_filesystem-mt-libstdc++.dylib */; settings = {ATTRIBUTES = (Required, ); }; };
		5E42D3541BDD087E008F3BB1 /* libboost_graph-mt-libstdc++.dylib in Frameworks */ = {isa = PBXBuildFile; fileRef = 5E42D3191BDD076E008F3BB1 /* libboost_graph-mt-libstdc++.dylib */; settings = {ATTRIBUTES = (Required, ); }; };
		5E42D3551BDD087E008F3BB1 /* libboost_iostreams-mt-libstdc++.dylib in Frameworks */ = {isa = PBXBuildFile; fileRef = 5E42D31A1BDD076E008F3BB1 /* libboost_iostreams-mt-libstdc++.dylib */; settings = {ATTRIBUTES = (Required, ); }; };
		5E42D3561BDD087E008F3BB1 /* libboost_locale-mt-libstdc++.dylib in Frameworks */ = {isa = PBXBuildFile; fileRef = 5E42D31B1BDD076E008F3BB1 /* libboost_locale-mt-libstdc++.dylib */; settings = {ATTRIBUTES = (Required, ); }; };
		5E42D3571BDD087E008F3BB1 /* libboost_log_setup-mt-libstdc++.dylib in Frameworks */ = {isa = PBXBuildFile; fileRef = 5E42D31C1BDD076E008F3BB1 /* libboost_log_setup-mt-libstdc++.dylib */; settings = {ATTRIBUTES = (Required, ); }; };
		5E42D3581BDD087E008F3BB1 /* libboost_log-mt-libstdc++.dylib in Frameworks */ = {isa = PBXBuildFile; fileRef = 5E42D31D1BDD076E008F3BB1 /* libboost_log-mt-libstdc++.dylib */; settings = {ATTRIBUTES = (Required, ); }; };
		5E42D3591BDD087E008F3BB1 /* libboost_math_c99-mt-libstdc++.dylib in Frameworks */ = {isa = PBXBuildFile; fileRef = 5E42D31E1BDD076E008F3BB1 /* libboost_math_c99-mt-libstdc++.dylib */; settings = {ATTRIBUTES = (Required, ); }; };
		5E42D35A1BDD087E008F3BB1 /* libboost_math_c99f-mt-libstdc++.dylib in Frameworks */ = {isa = PBXBuildFile; fileRef = 5E42D31F1BDD076E008F3BB1 /* libboost_math_c99f-mt-libstdc++.dylib */; settings = {ATTRIBUTES = (Required, ); }; };
		5E42D35B1BDD087E008F3BB1 /* libboost_math_c99l-mt-libstdc++.dylib in Frameworks */ = {isa = PBXBuildFile; fileRef = 5E42D3201BDD076E008F3BB1 /* libboost_math_c99l-mt-libstdc++.dylib */; settings = {ATTRIBUTES = (Required, ); }; };
		5E42D35C1BDD087E008F3BB1 /* libboost_math_tr1-mt-libstdc++.dylib in Frameworks */ = {isa = PBXBuildFile; fileRef = 5E42D3211BDD076E008F3BB1 /* libboost_math_tr1-mt-libstdc++.dylib */; settings = {ATTRIBUTES = (Required, ); }; };
		5E42D35D1BDD087E008F3BB1 /* libboost_math_tr1f-mt-libstdc++.dylib in Frameworks */ = {isa = PBXBuildFile; fileRef = 5E42D3221BDD076E008F3BB1 /* libboost_math_tr1f-mt-libstdc++.dylib */; settings = {ATTRIBUTES = (Required, ); }; };
		5E42D35E1BDD087E008F3BB1 /* libboost_math_tr1l-mt-libstdc++.dylib in Frameworks */ = {isa = PBXBuildFile; fileRef = 5E42D3231BDD076E008F3BB1 /* libboost_math_tr1l-mt-libstdc++.dylib */; settings = {ATTRIBUTES = (Required, ); }; };
		5E42D35F1BDD087E008F3BB1 /* libboost_prg_exec_monitor-mt-libstdc++.dylib in Frameworks */ = {isa = PBXBuildFile; fileRef = 5E42D3241BDD076E008F3BB1 /* libboost_prg_exec_monitor-mt-libstdc++.dylib */; settings = {ATTRIBUTES = (Required, ); }; };
		5E42D3601BDD087E008F3BB1 /* libboost_program_options-mt-libstdc++.dylib in Frameworks */ = {isa = PBXBuildFile; fileRef = 5E42D3251BDD076E008F3BB1 /* libboost_program_options-mt-libstdc++.dylib */; settings = {ATTRIBUTES = (Required, ); }; };
		5E42D3611BDD087E008F3BB1 /* libboost_python-mt-libstdc++.dylib in Frameworks */ = {isa = PBXBuildFile; fileRef = 5E42D3261BDD076E008F3BB1 /* libboost_python-mt-libstdc++.dylib */; settings = {ATTRIBUTES = (Required, ); }; };
		5E42D3621BDD087E008F3BB1 /* libboost_random-mt-libstdc++.dylib in Frameworks */ = {isa = PBXBuildFile; fileRef = 5E42D3271BDD076E008F3BB1 /* libboost_random-mt-libstdc++.dylib */; settings = {ATTRIBUTES = (Required, ); }; };
		5E42D3631BDD087E008F3BB1 /* libboost_regex-mt-libstdc++.dylib in Frameworks */ = {isa = PBXBuildFile; fileRef = 5E42D3281BDD076E008F3BB1 /* libboost_regex-mt-libstdc++.dylib */; settings = {ATTRIBUTES = (Required, ); }; };
		5E42D3641BDD087E008F3BB1 /* libboost_serialization-mt-libstdc++.dylib in Frameworks */ = {isa = PBXBuildFile; fileRef = 5E42D3291BDD076E008F3BB1 /* libboost_serialization-mt-libstdc++.dylib */; settings = {ATTRIBUTES = (Required, ); }; };
		5E42D3651BDD087E008F3BB1 /* libboost_signals-mt-libstdc++.dylib in Frameworks */ = {isa = PBXBuildFile; fileRef = 5E42D32A1BDD076E008F3BB1 /* libboost_signals-mt-libstdc++.dylib */; settings = {ATTRIBUTES = (Required, ); }; };
		5E42D3661BDD087E008F3BB1 /* libboost_system-mt-libstdc++.dylib in Frameworks */ = {isa = PBXBuildFile; fileRef = 5E42D32B1BDD076E008F3BB1 /* libboost_system-mt-libstdc++.dylib */; settings = {ATTRIBUTES = (Required, ); }; };
		5E42D3671BDD087E008F3BB1 /* libboost_thread-mt-libstdc++.dylib in Frameworks */ = {isa = PBXBuildFile; fileRef = 5E42D32C1BDD076E008F3BB1 /* libboost_thread-mt-libstdc++.dylib */; settings = {ATTRIBUTES = (Required, ); }; };
		5E42D3681BDD087E008F3BB1 /* libboost_timer-mt-libstdc++.dylib in Frameworks */ = {isa = PBXBuildFile; fileRef = 5E42D32D1BDD076E008F3BB1 /* libboost_timer-mt-libstdc++.dylib */; settings = {ATTRIBUTES = (Required, ); }; };
		5E42D3691BDD087E008F3BB1 /* libboost_unit_test_framework-mt-libstdc++.dylib in Frameworks */ = {isa = PBXBuildFile; fileRef = 5E42D32E1BDD076E008F3BB1 /* libboost_unit_test_framework-mt-libstdc++.dylib */; settings = {ATTRIBUTES = (Required, ); }; };
		5E42D36A1BDD087E008F3BB1 /* libboost_wave-mt-libstdc++.dylib in Frameworks */ = {isa = PBXBuildFile; fileRef = 5E42D32F1BDD076E008F3BB1 /* libboost_wave-mt-libstdc++.dylib */; settings = {ATTRIBUTES = (Required, ); }; };
		5E42D36B1BDD087E008F3BB1 /* libboost_wserialization-mt-libstdc++.dylib in Frameworks */ = {isa = PBXBuildFile; fileRef = 5E42D3301BDD076E008F3BB1 /* libboost_wserialization-mt-libstdc++.dylib */; settings = {ATTRIBUTES = (Required, ); }; };
		5E79A0571BDBD5D300562B5F /* d_arnoldConnect.cpp in Sources */ = {isa = PBXBuildFile; fileRef = 5E79A0561BDBD5D300562B5F /* d_arnoldConnect.cpp */; };
		5E79A07C1BDBE7BD00562B5F /* Client.cpp in Sources */ = {isa = PBXBuildFile; fileRef = 5E79A0751BDBE7BD00562B5F /* Client.cpp */; };
		5E79A07D1BDBE7BD00562B5F /* Client.h in Headers */ = {isa = PBXBuildFile; fileRef = 5E79A0761BDBE7BD00562B5F /* Client.h */; };
		5E79A07F1BDBE7BD00562B5F /* Data.cpp in Sources */ = {isa = PBXBuildFile; fileRef = 5E79A0771BDBE7BD00562B5F /* Data.cpp */; };
		5E79A0801BDBE7BD00562B5F /* Data.h in Headers */ = {isa = PBXBuildFile; fileRef = 5E79A0781BDBE7BD00562B5F /* Data.h */; };
		5E79A0821BDBE7BD00562B5F /* Server.cpp in Sources */ = {isa = PBXBuildFile; fileRef = 5E79A0791BDBE7BD00562B5F /* Server.cpp */; };
		5E79A0831BDBE7BD00562B5F /* Server.h in Headers */ = {isa = PBXBuildFile; fileRef = 5E79A07A1BDBE7BD00562B5F /* Server.h */; };
		5E8EAD2D1BE584C8000CC86B /* libboost_atomic-mt.dylib in Frameworks */ = {isa = PBXBuildFile; fileRef = 5E8EACF51BE584C8000CC86B /* libboost_atomic-mt.dylib */; };
		5E8EAD2E1BE584C8000CC86B /* libboost_chrono-mt.dylib in Frameworks */ = {isa = PBXBuildFile; fileRef = 5E8EACF61BE584C8000CC86B /* libboost_chrono-mt.dylib */; };
		5E8EAD2F1BE584C8000CC86B /* libboost_chrono.dylib in Frameworks */ = {isa = PBXBuildFile; fileRef = 5E8EACF71BE584C8000CC86B /* libboost_chrono.dylib */; };
		5E8EAD301BE584C8000CC86B /* libboost_container-mt.dylib in Frameworks */ = {isa = PBXBuildFile; fileRef = 5E8EACF81BE584C8000CC86B /* libboost_container-mt.dylib */; };
		5E8EAD311BE584C8000CC86B /* libboost_container.dylib in Frameworks */ = {isa = PBXBuildFile; fileRef = 5E8EACF91BE584C8000CC86B /* libboost_container.dylib */; };
		5E8EAD321BE584C8000CC86B /* libboost_context-mt.dylib in Frameworks */ = {isa = PBXBuildFile; fileRef = 5E8EACFA1BE584C8000CC86B /* libboost_context-mt.dylib */; };
		5E8EAD331BE584C8000CC86B /* libboost_coroutine-mt.dylib in Frameworks */ = {isa = PBXBuildFile; fileRef = 5E8EACFB1BE584C8000CC86B /* libboost_coroutine-mt.dylib */; };
		5E8EAD341BE584C8000CC86B /* libboost_coroutine.dylib in Frameworks */ = {isa = PBXBuildFile; fileRef = 5E8EACFC1BE584C8000CC86B /* libboost_coroutine.dylib */; };
		5E8EAD351BE584C8000CC86B /* libboost_date_time-mt.dylib in Frameworks */ = {isa = PBXBuildFile; fileRef = 5E8EACFD1BE584C8000CC86B /* libboost_date_time-mt.dylib */; };
		5E8EAD361BE584C8000CC86B /* libboost_date_time.dylib in Frameworks */ = {isa = PBXBuildFile; fileRef = 5E8EACFE1BE584C8000CC86B /* libboost_date_time.dylib */; };
		5E8EAD371BE584C8000CC86B /* libboost_filesystem-mt.dylib in Frameworks */ = {isa = PBXBuildFile; fileRef = 5E8EACFF1BE584C8000CC86B /* libboost_filesystem-mt.dylib */; };
		5E8EAD381BE584C8000CC86B /* libboost_filesystem.dylib in Frameworks */ = {isa = PBXBuildFile; fileRef = 5E8EAD001BE584C8000CC86B /* libboost_filesystem.dylib */; };
		5E8EAD391BE584C8000CC86B /* libboost_graph-mt.dylib in Frameworks */ = {isa = PBXBuildFile; fileRef = 5E8EAD011BE584C8000CC86B /* libboost_graph-mt.dylib */; };
		5E8EAD3A1BE584C8000CC86B /* libboost_graph.dylib in Frameworks */ = {isa = PBXBuildFile; fileRef = 5E8EAD021BE584C8000CC86B /* libboost_graph.dylib */; };
		5E8EAD3B1BE584C8000CC86B /* libboost_iostreams-mt.dylib in Frameworks */ = {isa = PBXBuildFile; fileRef = 5E8EAD031BE584C8000CC86B /* libboost_iostreams-mt.dylib */; };
		5E8EAD3C1BE584C8000CC86B /* libboost_iostreams.dylib in Frameworks */ = {isa = PBXBuildFile; fileRef = 5E8EAD041BE584C8000CC86B /* libboost_iostreams.dylib */; };
		5E8EAD3D1BE584C8000CC86B /* libboost_locale-mt.dylib in Frameworks */ = {isa = PBXBuildFile; fileRef = 5E8EAD051BE584C8000CC86B /* libboost_locale-mt.dylib */; };
		5E8EAD3E1BE584C8000CC86B /* libboost_log_setup-mt.dylib in Frameworks */ = {isa = PBXBuildFile; fileRef = 5E8EAD061BE584C8000CC86B /* libboost_log_setup-mt.dylib */; };
		5E8EAD3F1BE584C8000CC86B /* libboost_log_setup.dylib in Frameworks */ = {isa = PBXBuildFile; fileRef = 5E8EAD071BE584C8000CC86B /* libboost_log_setup.dylib */; };
		5E8EAD401BE584C8000CC86B /* libboost_log-mt.dylib in Frameworks */ = {isa = PBXBuildFile; fileRef = 5E8EAD081BE584C8000CC86B /* libboost_log-mt.dylib */; };
		5E8EAD411BE584C8000CC86B /* libboost_log.dylib in Frameworks */ = {isa = PBXBuildFile; fileRef = 5E8EAD091BE584C8000CC86B /* libboost_log.dylib */; };
		5E8EAD421BE584C8000CC86B /* libboost_math_c99-mt.dylib in Frameworks */ = {isa = PBXBuildFile; fileRef = 5E8EAD0A1BE584C8000CC86B /* libboost_math_c99-mt.dylib */; };
		5E8EAD431BE584C8000CC86B /* libboost_math_c99.dylib in Frameworks */ = {isa = PBXBuildFile; fileRef = 5E8EAD0B1BE584C8000CC86B /* libboost_math_c99.dylib */; };
		5E8EAD441BE584C8000CC86B /* libboost_math_c99f-mt.dylib in Frameworks */ = {isa = PBXBuildFile; fileRef = 5E8EAD0C1BE584C8000CC86B /* libboost_math_c99f-mt.dylib */; };
		5E8EAD451BE584C8000CC86B /* libboost_math_c99f.dylib in Frameworks */ = {isa = PBXBuildFile; fileRef = 5E8EAD0D1BE584C8000CC86B /* libboost_math_c99f.dylib */; };
		5E8EAD461BE584C8000CC86B /* libboost_math_c99l-mt.dylib in Frameworks */ = {isa = PBXBuildFile; fileRef = 5E8EAD0E1BE584C8000CC86B /* libboost_math_c99l-mt.dylib */; };
		5E8EAD471BE584C8000CC86B /* libboost_math_c99l.dylib in Frameworks */ = {isa = PBXBuildFile; fileRef = 5E8EAD0F1BE584C8000CC86B /* libboost_math_c99l.dylib */; };
		5E8EAD481BE584C8000CC86B /* libboost_math_tr1-mt.dylib in Frameworks */ = {isa = PBXBuildFile; fileRef = 5E8EAD101BE584C8000CC86B /* libboost_math_tr1-mt.dylib */; };
		5E8EAD491BE584C8000CC86B /* libboost_math_tr1.dylib in Frameworks */ = {isa = PBXBuildFile; fileRef = 5E8EAD111BE584C8000CC86B /* libboost_math_tr1.dylib */; };
		5E8EAD4A1BE584C8000CC86B /* libboost_math_tr1f-mt.dylib in Frameworks */ = {isa = PBXBuildFile; fileRef = 5E8EAD121BE584C8000CC86B /* libboost_math_tr1f-mt.dylib */; };
		5E8EAD4B1BE584C8000CC86B /* libboost_math_tr1f.dylib in Frameworks */ = {isa = PBXBuildFile; fileRef = 5E8EAD131BE584C8000CC86B /* libboost_math_tr1f.dylib */; };
		5E8EAD4C1BE584C8000CC86B /* libboost_math_tr1l-mt.dylib in Frameworks */ = {isa = PBXBuildFile; fileRef = 5E8EAD141BE584C8000CC86B /* libboost_math_tr1l-mt.dylib */; };
		5E8EAD4D1BE584C8000CC86B /* libboost_math_tr1l.dylib in Frameworks */ = {isa = PBXBuildFile; fileRef = 5E8EAD151BE584C8000CC86B /* libboost_math_tr1l.dylib */; };
		5E8EAD4E1BE584C8000CC86B /* libboost_prg_exec_monitor-mt.dylib in Frameworks */ = {isa = PBXBuildFile; fileRef = 5E8EAD161BE584C8000CC86B /* libboost_prg_exec_monitor-mt.dylib */; };
		5E8EAD4F1BE584C8000CC86B /* libboost_prg_exec_monitor.dylib in Frameworks */ = {isa = PBXBuildFile; fileRef = 5E8EAD171BE584C8000CC86B /* libboost_prg_exec_monitor.dylib */; };
		5E8EAD501BE584C8000CC86B /* libboost_program_options-mt.dylib in Frameworks */ = {isa = PBXBuildFile; fileRef = 5E8EAD181BE584C8000CC86B /* libboost_program_options-mt.dylib */; };
		5E8EAD511BE584C8000CC86B /* libboost_program_options.dylib in Frameworks */ = {isa = PBXBuildFile; fileRef = 5E8EAD191BE584C8000CC86B /* libboost_program_options.dylib */; };
		5E8EAD521BE584C8000CC86B /* libboost_random-mt.dylib in Frameworks */ = {isa = PBXBuildFile; fileRef = 5E8EAD1A1BE584C8000CC86B /* libboost_random-mt.dylib */; };
		5E8EAD531BE584C8000CC86B /* libboost_random.dylib in Frameworks */ = {isa = PBXBuildFile; fileRef = 5E8EAD1B1BE584C8000CC86B /* libboost_random.dylib */; };
		5E8EAD541BE584C8000CC86B /* libboost_regex-mt.dylib in Frameworks */ = {isa = PBXBuildFile; fileRef = 5E8EAD1C1BE584C8000CC86B /* libboost_regex-mt.dylib */; };
		5E8EAD551BE584C8000CC86B /* libboost_regex.dylib in Frameworks */ = {isa = PBXBuildFile; fileRef = 5E8EAD1D1BE584C8000CC86B /* libboost_regex.dylib */; };
		5E8EAD561BE584C8000CC86B /* libboost_serialization-mt.dylib in Frameworks */ = {isa = PBXBuildFile; fileRef = 5E8EAD1E1BE584C8000CC86B /* libboost_serialization-mt.dylib */; };
		5E8EAD571BE584C8000CC86B /* libboost_serialization.dylib in Frameworks */ = {isa = PBXBuildFile; fileRef = 5E8EAD1F1BE584C8000CC86B /* libboost_serialization.dylib */; };
		5E8EAD581BE584C8000CC86B /* libboost_signals-mt.dylib in Frameworks */ = {isa = PBXBuildFile; fileRef = 5E8EAD201BE584C8000CC86B /* libboost_signals-mt.dylib */; };
		5E8EAD591BE584C8000CC86B /* libboost_signals.dylib in Frameworks */ = {isa = PBXBuildFile; fileRef = 5E8EAD211BE584C8000CC86B /* libboost_signals.dylib */; };
		5E8EAD5A1BE584C8000CC86B /* libboost_system-mt.dylib in Frameworks */ = {isa = PBXBuildFile; fileRef = 5E8EAD221BE584C8000CC86B /* libboost_system-mt.dylib */; };
		5E8EAD5B1BE584C8000CC86B /* libboost_system.dylib in Frameworks */ = {isa = PBXBuildFile; fileRef = 5E8EAD231BE584C8000CC86B /* libboost_system.dylib */; };
		5E8EAD5C1BE584C8000CC86B /* libboost_thread-mt.dylib in Frameworks */ = {isa = PBXBuildFile; fileRef = 5E8EAD241BE584C8000CC86B /* libboost_thread-mt.dylib */; };
		5E8EAD5D1BE584C8000CC86B /* libboost_timer-mt.dylib in Frameworks */ = {isa = PBXBuildFile; fileRef = 5E8EAD251BE584C8000CC86B /* libboost_timer-mt.dylib */; };
		5E8EAD5E1BE584C8000CC86B /* libboost_timer.dylib in Frameworks */ = {isa = PBXBuildFile; fileRef = 5E8EAD261BE584C8000CC86B /* libboost_timer.dylib */; };
		5E8EAD5F1BE584C8000CC86B /* libboost_unit_test_framework-mt.dylib in Frameworks */ = {isa = PBXBuildFile; fileRef = 5E8EAD271BE584C8000CC86B /* libboost_unit_test_framework-mt.dylib */; };
		5E8EAD601BE584C8000CC86B /* libboost_unit_test_framework.dylib in Frameworks */ = {isa = PBXBuildFile; fileRef = 5E8EAD281BE584C8000CC86B /* libboost_unit_test_framework.dylib */; };
		5E8EAD611BE584C8000CC86B /* libboost_wave-mt.dylib in Frameworks */ = {isa = PBXBuildFile; fileRef = 5E8EAD291BE584C8000CC86B /* libboost_wave-mt.dylib */; };
		5E8EAD621BE584C8000CC86B /* libboost_wave.dylib in Frameworks */ = {isa = PBXBuildFile; fileRef = 5E8EAD2A1BE584C8000CC86B /* libboost_wave.dylib */; };
		5E8EAD631BE584C8000CC86B /* libboost_wserialization-mt.dylib in Frameworks */ = {isa = PBXBuildFile; fileRef = 5E8EAD2B1BE584C8000CC86B /* libboost_wserialization-mt.dylib */; };
		5E8EAD641BE584C8000CC86B /* libboost_wserialization.dylib in Frameworks */ = {isa = PBXBuildFile; fileRef = 5E8EAD2C1BE584C8000CC86B /* libboost_wserialization.dylib */; };
		5EF701FB1BD2BB26001B3920 /* nk_renderConnect.cpp in Sources */ = {isa = PBXBuildFile; fileRef = 5EF701FA1BD2BB26001B3920 /* nk_renderConnect.cpp */; };
/* End PBXBuildFile section */

/* Begin PBXFileReference section */
		5E05BACC1BED4CBC00B6670C /* libai.dylib */ = {isa = PBXFileReference; lastKnownFileType = "compiled.mach-o.dylib"; name = libai.dylib; path = ../API/Arnold/4.2.8.0/bin/libai.dylib; sourceTree = "<group>"; };
		5E42D3141BDD076E008F3BB1 /* libboost_atomic-mt-libstdc++.dylib */ = {isa = PBXFileReference; lastKnownFileType = "compiled.mach-o.dylib"; name = "libboost_atomic-mt-libstdc++.dylib"; path = "../API/Boost/1.54.0/lib/libboost_atomic-mt-libstdc++.dylib"; sourceTree = "<group>"; };
		5E42D3151BDD076E008F3BB1 /* libboost_chrono-mt-libstdc++.dylib */ = {isa = PBXFileReference; lastKnownFileType = "compiled.mach-o.dylib"; name = "libboost_chrono-mt-libstdc++.dylib"; path = "../API/Boost/1.54.0/lib/libboost_chrono-mt-libstdc++.dylib"; sourceTree = "<group>"; };
		5E42D3161BDD076E008F3BB1 /* libboost_context-mt-libstdc++.dylib */ = {isa = PBXFileReference; lastKnownFileType = "compiled.mach-o.dylib"; name = "libboost_context-mt-libstdc++.dylib"; path = "../API/Boost/1.54.0/lib/libboost_context-mt-libstdc++.dylib"; sourceTree = "<group>"; };
		5E42D3171BDD076E008F3BB1 /* libboost_date_time-mt-libstdc++.dylib */ = {isa = PBXFileReference; lastKnownFileType = "compiled.mach-o.dylib"; name = "libboost_date_time-mt-libstdc++.dylib"; path = "../API/Boost/1.54.0/lib/libboost_date_time-mt-libstdc++.dylib"; sourceTree = "<group>"; };
		5E42D3181BDD076E008F3BB1 /* libboost_filesystem-mt-libstdc++.dylib */ = {isa = PBXFileReference; lastKnownFileType = "compiled.mach-o.dylib"; name = "libboost_filesystem-mt-libstdc++.dylib"; path = "../API/Boost/1.54.0/lib/libboost_filesystem-mt-libstdc++.dylib"; sourceTree = "<group>"; };
		5E42D3191BDD076E008F3BB1 /* libboost_graph-mt-libstdc++.dylib */ = {isa = PBXFileReference; lastKnownFileType = "compiled.mach-o.dylib"; name = "libboost_graph-mt-libstdc++.dylib"; path = "../API/Boost/1.54.0/lib/libboost_graph-mt-libstdc++.dylib"; sourceTree = "<group>"; };
		5E42D31A1BDD076E008F3BB1 /* libboost_iostreams-mt-libstdc++.dylib */ = {isa = PBXFileReference; lastKnownFileType = "compiled.mach-o.dylib"; name = "libboost_iostreams-mt-libstdc++.dylib"; path = "../API/Boost/1.54.0/lib/libboost_iostreams-mt-libstdc++.dylib"; sourceTree = "<group>"; };
		5E42D31B1BDD076E008F3BB1 /* libboost_locale-mt-libstdc++.dylib */ = {isa = PBXFileReference; lastKnownFileType = "compiled.mach-o.dylib"; name = "libboost_locale-mt-libstdc++.dylib"; path = "../API/Boost/1.54.0/lib/libboost_locale-mt-libstdc++.dylib"; sourceTree = "<group>"; };
		5E42D31C1BDD076E008F3BB1 /* libboost_log_setup-mt-libstdc++.dylib */ = {isa = PBXFileReference; lastKnownFileType = "compiled.mach-o.dylib"; name = "libboost_log_setup-mt-libstdc++.dylib"; path = "../API/Boost/1.54.0/lib/libboost_log_setup-mt-libstdc++.dylib"; sourceTree = "<group>"; };
		5E42D31D1BDD076E008F3BB1 /* libboost_log-mt-libstdc++.dylib */ = {isa = PBXFileReference; lastKnownFileType = "compiled.mach-o.dylib"; name = "libboost_log-mt-libstdc++.dylib"; path = "../API/Boost/1.54.0/lib/libboost_log-mt-libstdc++.dylib"; sourceTree = "<group>"; };
		5E42D31E1BDD076E008F3BB1 /* libboost_math_c99-mt-libstdc++.dylib */ = {isa = PBXFileReference; lastKnownFileType = "compiled.mach-o.dylib"; name = "libboost_math_c99-mt-libstdc++.dylib"; path = "../API/Boost/1.54.0/lib/libboost_math_c99-mt-libstdc++.dylib"; sourceTree = "<group>"; };
		5E42D31F1BDD076E008F3BB1 /* libboost_math_c99f-mt-libstdc++.dylib */ = {isa = PBXFileReference; lastKnownFileType = "compiled.mach-o.dylib"; name = "libboost_math_c99f-mt-libstdc++.dylib"; path = "../API/Boost/1.54.0/lib/libboost_math_c99f-mt-libstdc++.dylib"; sourceTree = "<group>"; };
		5E42D3201BDD076E008F3BB1 /* libboost_math_c99l-mt-libstdc++.dylib */ = {isa = PBXFileReference; lastKnownFileType = "compiled.mach-o.dylib"; name = "libboost_math_c99l-mt-libstdc++.dylib"; path = "../API/Boost/1.54.0/lib/libboost_math_c99l-mt-libstdc++.dylib"; sourceTree = "<group>"; };
		5E42D3211BDD076E008F3BB1 /* libboost_math_tr1-mt-libstdc++.dylib */ = {isa = PBXFileReference; lastKnownFileType = "compiled.mach-o.dylib"; name = "libboost_math_tr1-mt-libstdc++.dylib"; path = "../API/Boost/1.54.0/lib/libboost_math_tr1-mt-libstdc++.dylib"; sourceTree = "<group>"; };
		5E42D3221BDD076E008F3BB1 /* libboost_math_tr1f-mt-libstdc++.dylib */ = {isa = PBXFileReference; lastKnownFileType = "compiled.mach-o.dylib"; name = "libboost_math_tr1f-mt-libstdc++.dylib"; path = "../API/Boost/1.54.0/lib/libboost_math_tr1f-mt-libstdc++.dylib"; sourceTree = "<group>"; };
		5E42D3231BDD076E008F3BB1 /* libboost_math_tr1l-mt-libstdc++.dylib */ = {isa = PBXFileReference; lastKnownFileType = "compiled.mach-o.dylib"; name = "libboost_math_tr1l-mt-libstdc++.dylib"; path = "../API/Boost/1.54.0/lib/libboost_math_tr1l-mt-libstdc++.dylib"; sourceTree = "<group>"; };
		5E42D3241BDD076E008F3BB1 /* libboost_prg_exec_monitor-mt-libstdc++.dylib */ = {isa = PBXFileReference; lastKnownFileType = "compiled.mach-o.dylib"; name = "libboost_prg_exec_monitor-mt-libstdc++.dylib"; path = "../API/Boost/1.54.0/lib/libboost_prg_exec_monitor-mt-libstdc++.dylib"; sourceTree = "<group>"; };
		5E42D3251BDD076E008F3BB1 /* libboost_program_options-mt-libstdc++.dylib */ = {isa = PBXFileReference; lastKnownFileType = "compiled.mach-o.dylib"; name = "libboost_program_options-mt-libstdc++.dylib"; path = "../API/Boost/1.54.0/lib/libboost_program_options-mt-libstdc++.dylib"; sourceTree = "<group>"; };
		5E42D3261BDD076E008F3BB1 /* libboost_python-mt-libstdc++.dylib */ = {isa = PBXFileReference; lastKnownFileType = "compiled.mach-o.dylib"; name = "libboost_python-mt-libstdc++.dylib"; path = "../API/Boost/1.54.0/lib/libboost_python-mt-libstdc++.dylib"; sourceTree = "<group>"; };
		5E42D3271BDD076E008F3BB1 /* libboost_random-mt-libstdc++.dylib */ = {isa = PBXFileReference; lastKnownFileType = "compiled.mach-o.dylib"; name = "libboost_random-mt-libstdc++.dylib"; path = "../API/Boost/1.54.0/lib/libboost_random-mt-libstdc++.dylib"; sourceTree = "<group>"; };
		5E42D3281BDD076E008F3BB1 /* libboost_regex-mt-libstdc++.dylib */ = {isa = PBXFileReference; lastKnownFileType = "compiled.mach-o.dylib"; name = "libboost_regex-mt-libstdc++.dylib"; path = "../API/Boost/1.54.0/lib/libboost_regex-mt-libstdc++.dylib"; sourceTree = "<group>"; };
		5E42D3291BDD076E008F3BB1 /* libboost_serialization-mt-libstdc++.dylib */ = {isa = PBXFileReference; lastKnownFileType = "compiled.mach-o.dylib"; name = "libboost_serialization-mt-libstdc++.dylib"; path = "../API/Boost/1.54.0/lib/libboost_serialization-mt-libstdc++.dylib"; sourceTree = "<group>"; };
		5E42D32A1BDD076E008F3BB1 /* libboost_signals-mt-libstdc++.dylib */ = {isa = PBXFileReference; lastKnownFileType = "compiled.mach-o.dylib"; name = "libboost_signals-mt-libstdc++.dylib"; path = "../API/Boost/1.54.0/lib/libboost_signals-mt-libstdc++.dylib"; sourceTree = "<group>"; };
		5E42D32B1BDD076E008F3BB1 /* libboost_system-mt-libstdc++.dylib */ = {isa = PBXFileReference; lastKnownFileType = "compiled.mach-o.dylib"; name = "libboost_system-mt-libstdc++.dylib"; path = "../API/Boost/1.54.0/lib/libboost_system-mt-libstdc++.dylib"; sourceTree = "<group>"; };
		5E42D32C1BDD076E008F3BB1 /* libboost_thread-mt-libstdc++.dylib */ = {isa = PBXFileReference; lastKnownFileType = "compiled.mach-o.dylib"; name = "libboost_thread-mt-libstdc++.dylib"; path = "../API/Boost/1.54.0/lib/libboost_thread-mt-libstdc++.dylib"; sourceTree = "<group>"; };
		5E42D32D1BDD076E008F3BB1 /* libboost_timer-mt-libstdc++.dylib */ = {isa = PBXFileReference; lastKnownFileType = "compiled.mach-o.dylib"; name = "libboost_timer-mt-libstdc++.dylib"; path = "../API/Boost/1.54.0/lib/libboost_timer-mt-libstdc++.dylib"; sourceTree = "<group>"; };
		5E42D32E1BDD076E008F3BB1 /* libboost_unit_test_framework-mt-libstdc++.dylib */ = {isa = PBXFileReference; lastKnownFileType = "compiled.mach-o.dylib"; name = "libboost_unit_test_framework-mt-libstdc++.dylib"; path = "../API/Boost/1.54.0/lib/libboost_unit_test_framework-mt-libstdc++.dylib"; sourceTree = "<group>"; };
		5E42D32F1BDD076E008F3BB1 /* libboost_wave-mt-libstdc++.dylib */ = {isa = PBXFileReference; lastKnownFileType = "compiled.mach-o.dylib"; name = "libboost_wave-mt-libstdc++.dylib"; path = "../API/Boost/1.54.0/lib/libboost_wave-mt-libstdc++.dylib"; sourceTree = "<group>"; };
		5E42D3301BDD076E008F3BB1 /* libboost_wserialization-mt-libstdc++.dylib */ = {isa = PBXFileReference; lastKnownFileType = "compiled.mach-o.dylib"; name = "libboost_wserialization-mt-libstdc++.dylib"; path = "../API/Boost/1.54.0/lib/libboost_wserialization-mt-libstdc++.dylib"; sourceTree = "<group>"; };
		5E5DB57F1BD2B10000B506E0 /* RenderConnect.bundle */ = {isa = PBXFileReference; explicitFileType = wrapper.cfbundle; includeInIndex = 0; path = RenderConnect.bundle; sourceTree = BUILT_PRODUCTS_DIR; };
		5E5DB5811BD2B10000B506E0 /* Info.plist */ = {isa = PBXFileReference; lastKnownFileType = text.plist; name = Info.plist; path = src/Info.plist; sourceTree = "<group>"; };
		5E79A04D1BDBD4CD00562B5F /* arnoldConnect.dylib */ = {isa = PBXFileReference; explicitFileType = "compiled.mach-o.dylib"; includeInIndex = 0; path = arnoldConnect.dylib; sourceTree = BUILT_PRODUCTS_DIR; };
		5E79A0561BDBD5D300562B5F /* d_arnoldConnect.cpp */ = {isa = PBXFileReference; fileEncoding = 4; lastKnownFileType = sourcecode.cpp.cpp; name = d_arnoldConnect.cpp; path = src/d_arnoldConnect.cpp; sourceTree = SOURCE_ROOT; };
		5E79A0751BDBE7BD00562B5F /* Client.cpp */ = {isa = PBXFileReference; fileEncoding = 4; lastKnownFileType = sourcecode.cpp.cpp; name = Client.cpp; path = src/Client.cpp; sourceTree = "<group>"; };
		5E79A0761BDBE7BD00562B5F /* Client.h */ = {isa = PBXFileReference; fileEncoding = 4; lastKnownFileType = sourcecode.c.h; name = Client.h; path = src/Client.h; sourceTree = "<group>"; };
		5E79A0771BDBE7BD00562B5F /* Data.cpp */ = {isa = PBXFileReference; fileEncoding = 4; lastKnownFileType = sourcecode.cpp.cpp; name = Data.cpp; path = src/Data.cpp; sourceTree = "<group>"; };
		5E79A0781BDBE7BD00562B5F /* Data.h */ = {isa = PBXFileReference; fileEncoding = 4; lastKnownFileType = sourcecode.c.h; name = Data.h; path = src/Data.h; sourceTree = "<group>"; };
		5E79A0791BDBE7BD00562B5F /* Server.cpp */ = {isa = PBXFileReference; fileEncoding = 4; lastKnownFileType = sourcecode.cpp.cpp; name = Server.cpp; path = src/Server.cpp; sourceTree = "<group>"; };
		5E79A07A1BDBE7BD00562B5F /* Server.h */ = {isa = PBXFileReference; fileEncoding = 4; lastKnownFileType = sourcecode.c.h; name = Server.h; path = src/Server.h; sourceTree = "<group>"; };
		5E8EACF51BE584C8000CC86B /* libboost_atomic-mt.dylib */ = {isa = PBXFileReference; lastKnownFileType = "compiled.mach-o.dylib"; name = "libboost_atomic-mt.dylib"; path = "/usr/local/Cellar/boost/1.58.0/lib/libboost_atomic-mt.dylib"; sourceTree = "<absolute>"; };
		5E8EACF61BE584C8000CC86B /* libboost_chrono-mt.dylib */ = {isa = PBXFileReference; lastKnownFileType = "compiled.mach-o.dylib"; name = "libboost_chrono-mt.dylib"; path = "/usr/local/Cellar/boost/1.58.0/lib/libboost_chrono-mt.dylib"; sourceTree = "<absolute>"; };
		5E8EACF71BE584C8000CC86B /* libboost_chrono.dylib */ = {isa = PBXFileReference; lastKnownFileType = "compiled.mach-o.dylib"; name = libboost_chrono.dylib; path = /usr/local/Cellar/boost/1.58.0/lib/libboost_chrono.dylib; sourceTree = "<absolute>"; };
		5E8EACF81BE584C8000CC86B /* libboost_container-mt.dylib */ = {isa = PBXFileReference; lastKnownFileType = "compiled.mach-o.dylib"; name = "libboost_container-mt.dylib"; path = "/usr/local/Cellar/boost/1.58.0/lib/libboost_container-mt.dylib"; sourceTree = "<absolute>"; };
		5E8EACF91BE584C8000CC86B /* libboost_container.dylib */ = {isa = PBXFileReference; lastKnownFileType = "compiled.mach-o.dylib"; name = libboost_container.dylib; path = /usr/local/Cellar/boost/1.58.0/lib/libboost_container.dylib; sourceTree = "<absolute>"; };
		5E8EACFA1BE584C8000CC86B /* libboost_context-mt.dylib */ = {isa = PBXFileReference; lastKnownFileType = "compiled.mach-o.dylib"; name = "libboost_context-mt.dylib"; path = "/usr/local/Cellar/boost/1.58.0/lib/libboost_context-mt.dylib"; sourceTree = "<absolute>"; };
		5E8EACFB1BE584C8000CC86B /* libboost_coroutine-mt.dylib */ = {isa = PBXFileReference; lastKnownFileType = "compiled.mach-o.dylib"; name = "libboost_coroutine-mt.dylib"; path = "/usr/local/Cellar/boost/1.58.0/lib/libboost_coroutine-mt.dylib"; sourceTree = "<absolute>"; };
		5E8EACFC1BE584C8000CC86B /* libboost_coroutine.dylib */ = {isa = PBXFileReference; lastKnownFileType = "compiled.mach-o.dylib"; name = libboost_coroutine.dylib; path = /usr/local/Cellar/boost/1.58.0/lib/libboost_coroutine.dylib; sourceTree = "<absolute>"; };
		5E8EACFD1BE584C8000CC86B /* libboost_date_time-mt.dylib */ = {isa = PBXFileReference; lastKnownFileType = "compiled.mach-o.dylib"; name = "libboost_date_time-mt.dylib"; path = "/usr/local/Cellar/boost/1.58.0/lib/libboost_date_time-mt.dylib"; sourceTree = "<absolute>"; };
		5E8EACFE1BE584C8000CC86B /* libboost_date_time.dylib */ = {isa = PBXFileReference; lastKnownFileType = "compiled.mach-o.dylib"; name = libboost_date_time.dylib; path = /usr/local/Cellar/boost/1.58.0/lib/libboost_date_time.dylib; sourceTree = "<absolute>"; };
		5E8EACFF1BE584C8000CC86B /* libboost_filesystem-mt.dylib */ = {isa = PBXFileReference; lastKnownFileType = "compiled.mach-o.dylib"; name = "libboost_filesystem-mt.dylib"; path = "/usr/local/Cellar/boost/1.58.0/lib/libboost_filesystem-mt.dylib"; sourceTree = "<absolute>"; };
		5E8EAD001BE584C8000CC86B /* libboost_filesystem.dylib */ = {isa = PBXFileReference; lastKnownFileType = "compiled.mach-o.dylib"; name = libboost_filesystem.dylib; path = /usr/local/Cellar/boost/1.58.0/lib/libboost_filesystem.dylib; sourceTree = "<absolute>"; };
		5E8EAD011BE584C8000CC86B /* libboost_graph-mt.dylib */ = {isa = PBXFileReference; lastKnownFileType = "compiled.mach-o.dylib"; name = "libboost_graph-mt.dylib"; path = "/usr/local/Cellar/boost/1.58.0/lib/libboost_graph-mt.dylib"; sourceTree = "<absolute>"; };
		5E8EAD021BE584C8000CC86B /* libboost_graph.dylib */ = {isa = PBXFileReference; lastKnownFileType = "compiled.mach-o.dylib"; name = libboost_graph.dylib; path = /usr/local/Cellar/boost/1.58.0/lib/libboost_graph.dylib; sourceTree = "<absolute>"; };
		5E8EAD031BE584C8000CC86B /* libboost_iostreams-mt.dylib */ = {isa = PBXFileReference; lastKnownFileType = "compiled.mach-o.dylib"; name = "libboost_iostreams-mt.dylib"; path = "/usr/local/Cellar/boost/1.58.0/lib/libboost_iostreams-mt.dylib"; sourceTree = "<absolute>"; };
		5E8EAD041BE584C8000CC86B /* libboost_iostreams.dylib */ = {isa = PBXFileReference; lastKnownFileType = "compiled.mach-o.dylib"; name = libboost_iostreams.dylib; path = /usr/local/Cellar/boost/1.58.0/lib/libboost_iostreams.dylib; sourceTree = "<absolute>"; };
		5E8EAD051BE584C8000CC86B /* libboost_locale-mt.dylib */ = {isa = PBXFileReference; lastKnownFileType = "compiled.mach-o.dylib"; name = "libboost_locale-mt.dylib"; path = "/usr/local/Cellar/boost/1.58.0/lib/libboost_locale-mt.dylib"; sourceTree = "<absolute>"; };
		5E8EAD061BE584C8000CC86B /* libboost_log_setup-mt.dylib */ = {isa = PBXFileReference; lastKnownFileType = "compiled.mach-o.dylib"; name = "libboost_log_setup-mt.dylib"; path = "/usr/local/Cellar/boost/1.58.0/lib/libboost_log_setup-mt.dylib"; sourceTree = "<absolute>"; };
		5E8EAD071BE584C8000CC86B /* libboost_log_setup.dylib */ = {isa = PBXFileReference; lastKnownFileType = "compiled.mach-o.dylib"; name = libboost_log_setup.dylib; path = /usr/local/Cellar/boost/1.58.0/lib/libboost_log_setup.dylib; sourceTree = "<absolute>"; };
		5E8EAD081BE584C8000CC86B /* libboost_log-mt.dylib */ = {isa = PBXFileReference; lastKnownFileType = "compiled.mach-o.dylib"; name = "libboost_log-mt.dylib"; path = "/usr/local/Cellar/boost/1.58.0/lib/libboost_log-mt.dylib"; sourceTree = "<absolute>"; };
		5E8EAD091BE584C8000CC86B /* libboost_log.dylib */ = {isa = PBXFileReference; lastKnownFileType = "compiled.mach-o.dylib"; name = libboost_log.dylib; path = /usr/local/Cellar/boost/1.58.0/lib/libboost_log.dylib; sourceTree = "<absolute>"; };
		5E8EAD0A1BE584C8000CC86B /* libboost_math_c99-mt.dylib */ = {isa = PBXFileReference; lastKnownFileType = "compiled.mach-o.dylib"; name = "libboost_math_c99-mt.dylib"; path = "/usr/local/Cellar/boost/1.58.0/lib/libboost_math_c99-mt.dylib"; sourceTree = "<absolute>"; };
		5E8EAD0B1BE584C8000CC86B /* libboost_math_c99.dylib */ = {isa = PBXFileReference; lastKnownFileType = "compiled.mach-o.dylib"; name = libboost_math_c99.dylib; path = /usr/local/Cellar/boost/1.58.0/lib/libboost_math_c99.dylib; sourceTree = "<absolute>"; };
		5E8EAD0C1BE584C8000CC86B /* libboost_math_c99f-mt.dylib */ = {isa = PBXFileReference; lastKnownFileType = "compiled.mach-o.dylib"; name = "libboost_math_c99f-mt.dylib"; path = "/usr/local/Cellar/boost/1.58.0/lib/libboost_math_c99f-mt.dylib"; sourceTree = "<absolute>"; };
		5E8EAD0D1BE584C8000CC86B /* libboost_math_c99f.dylib */ = {isa = PBXFileReference; lastKnownFileType = "compiled.mach-o.dylib"; name = libboost_math_c99f.dylib; path = /usr/local/Cellar/boost/1.58.0/lib/libboost_math_c99f.dylib; sourceTree = "<absolute>"; };
		5E8EAD0E1BE584C8000CC86B /* libboost_math_c99l-mt.dylib */ = {isa = PBXFileReference; lastKnownFileType = "compiled.mach-o.dylib"; name = "libboost_math_c99l-mt.dylib"; path = "/usr/local/Cellar/boost/1.58.0/lib/libboost_math_c99l-mt.dylib"; sourceTree = "<absolute>"; };
		5E8EAD0F1BE584C8000CC86B /* libboost_math_c99l.dylib */ = {isa = PBXFileReference; lastKnownFileType = "compiled.mach-o.dylib"; name = libboost_math_c99l.dylib; path = /usr/local/Cellar/boost/1.58.0/lib/libboost_math_c99l.dylib; sourceTree = "<absolute>"; };
		5E8EAD101BE584C8000CC86B /* libboost_math_tr1-mt.dylib */ = {isa = PBXFileReference; lastKnownFileType = "compiled.mach-o.dylib"; name = "libboost_math_tr1-mt.dylib"; path = "/usr/local/Cellar/boost/1.58.0/lib/libboost_math_tr1-mt.dylib"; sourceTree = "<absolute>"; };
		5E8EAD111BE584C8000CC86B /* libboost_math_tr1.dylib */ = {isa = PBXFileReference; lastKnownFileType = "compiled.mach-o.dylib"; name = libboost_math_tr1.dylib; path = /usr/local/Cellar/boost/1.58.0/lib/libboost_math_tr1.dylib; sourceTree = "<absolute>"; };
		5E8EAD121BE584C8000CC86B /* libboost_math_tr1f-mt.dylib */ = {isa = PBXFileReference; lastKnownFileType = "compiled.mach-o.dylib"; name = "libboost_math_tr1f-mt.dylib"; path = "/usr/local/Cellar/boost/1.58.0/lib/libboost_math_tr1f-mt.dylib"; sourceTree = "<absolute>"; };
		5E8EAD131BE584C8000CC86B /* libboost_math_tr1f.dylib */ = {isa = PBXFileReference; lastKnownFileType = "compiled.mach-o.dylib"; name = libboost_math_tr1f.dylib; path = /usr/local/Cellar/boost/1.58.0/lib/libboost_math_tr1f.dylib; sourceTree = "<absolute>"; };
		5E8EAD141BE584C8000CC86B /* libboost_math_tr1l-mt.dylib */ = {isa = PBXFileReference; lastKnownFileType = "compiled.mach-o.dylib"; name = "libboost_math_tr1l-mt.dylib"; path = "/usr/local/Cellar/boost/1.58.0/lib/libboost_math_tr1l-mt.dylib"; sourceTree = "<absolute>"; };
		5E8EAD151BE584C8000CC86B /* libboost_math_tr1l.dylib */ = {isa = PBXFileReference; lastKnownFileType = "compiled.mach-o.dylib"; name = libboost_math_tr1l.dylib; path = /usr/local/Cellar/boost/1.58.0/lib/libboost_math_tr1l.dylib; sourceTree = "<absolute>"; };
		5E8EAD161BE584C8000CC86B /* libboost_prg_exec_monitor-mt.dylib */ = {isa = PBXFileReference; lastKnownFileType = "compiled.mach-o.dylib"; name = "libboost_prg_exec_monitor-mt.dylib"; path = "/usr/local/Cellar/boost/1.58.0/lib/libboost_prg_exec_monitor-mt.dylib"; sourceTree = "<absolute>"; };
		5E8EAD171BE584C8000CC86B /* libboost_prg_exec_monitor.dylib */ = {isa = PBXFileReference; lastKnownFileType = "compiled.mach-o.dylib"; name = libboost_prg_exec_monitor.dylib; path = /usr/local/Cellar/boost/1.58.0/lib/libboost_prg_exec_monitor.dylib; sourceTree = "<absolute>"; };
		5E8EAD181BE584C8000CC86B /* libboost_program_options-mt.dylib */ = {isa = PBXFileReference; lastKnownFileType = "compiled.mach-o.dylib"; name = "libboost_program_options-mt.dylib"; path = "/usr/local/Cellar/boost/1.58.0/lib/libboost_program_options-mt.dylib"; sourceTree = "<absolute>"; };
		5E8EAD191BE584C8000CC86B /* libboost_program_options.dylib */ = {isa = PBXFileReference; lastKnownFileType = "compiled.mach-o.dylib"; name = libboost_program_options.dylib; path = /usr/local/Cellar/boost/1.58.0/lib/libboost_program_options.dylib; sourceTree = "<absolute>"; };
		5E8EAD1A1BE584C8000CC86B /* libboost_random-mt.dylib */ = {isa = PBXFileReference; lastKnownFileType = "compiled.mach-o.dylib"; name = "libboost_random-mt.dylib"; path = "/usr/local/Cellar/boost/1.58.0/lib/libboost_random-mt.dylib"; sourceTree = "<absolute>"; };
		5E8EAD1B1BE584C8000CC86B /* libboost_random.dylib */ = {isa = PBXFileReference; lastKnownFileType = "compiled.mach-o.dylib"; name = libboost_random.dylib; path = /usr/local/Cellar/boost/1.58.0/lib/libboost_random.dylib; sourceTree = "<absolute>"; };
		5E8EAD1C1BE584C8000CC86B /* libboost_regex-mt.dylib */ = {isa = PBXFileReference; lastKnownFileType = "compiled.mach-o.dylib"; name = "libboost_regex-mt.dylib"; path = "/usr/local/Cellar/boost/1.58.0/lib/libboost_regex-mt.dylib"; sourceTree = "<absolute>"; };
		5E8EAD1D1BE584C8000CC86B /* libboost_regex.dylib */ = {isa = PBXFileReference; lastKnownFileType = "compiled.mach-o.dylib"; name = libboost_regex.dylib; path = /usr/local/Cellar/boost/1.58.0/lib/libboost_regex.dylib; sourceTree = "<absolute>"; };
		5E8EAD1E1BE584C8000CC86B /* libboost_serialization-mt.dylib */ = {isa = PBXFileReference; lastKnownFileType = "compiled.mach-o.dylib"; name = "libboost_serialization-mt.dylib"; path = "/usr/local/Cellar/boost/1.58.0/lib/libboost_serialization-mt.dylib"; sourceTree = "<absolute>"; };
		5E8EAD1F1BE584C8000CC86B /* libboost_serialization.dylib */ = {isa = PBXFileReference; lastKnownFileType = "compiled.mach-o.dylib"; name = libboost_serialization.dylib; path = /usr/local/Cellar/boost/1.58.0/lib/libboost_serialization.dylib; sourceTree = "<absolute>"; };
		5E8EAD201BE584C8000CC86B /* libboost_signals-mt.dylib */ = {isa = PBXFileReference; lastKnownFileType = "compiled.mach-o.dylib"; name = "libboost_signals-mt.dylib"; path = "/usr/local/Cellar/boost/1.58.0/lib/libboost_signals-mt.dylib"; sourceTree = "<absolute>"; };
		5E8EAD211BE584C8000CC86B /* libboost_signals.dylib */ = {isa = PBXFileReference; lastKnownFileType = "compiled.mach-o.dylib"; name = libboost_signals.dylib; path = /usr/local/Cellar/boost/1.58.0/lib/libboost_signals.dylib; sourceTree = "<absolute>"; };
		5E8EAD221BE584C8000CC86B /* libboost_system-mt.dylib */ = {isa = PBXFileReference; lastKnownFileType = "compiled.mach-o.dylib"; name = "libboost_system-mt.dylib"; path = "/usr/local/Cellar/boost/1.58.0/lib/libboost_system-mt.dylib"; sourceTree = "<absolute>"; };
		5E8EAD231BE584C8000CC86B /* libboost_system.dylib */ = {isa = PBXFileReference; lastKnownFileType = "compiled.mach-o.dylib"; name = libboost_system.dylib; path = /usr/local/Cellar/boost/1.58.0/lib/libboost_system.dylib; sourceTree = "<absolute>"; };
		5E8EAD241BE584C8000CC86B /* libboost_thread-mt.dylib */ = {isa = PBXFileReference; lastKnownFileType = "compiled.mach-o.dylib"; name = "libboost_thread-mt.dylib"; path = "/usr/local/Cellar/boost/1.58.0/lib/libboost_thread-mt.dylib"; sourceTree = "<absolute>"; };
		5E8EAD251BE584C8000CC86B /* libboost_timer-mt.dylib */ = {isa = PBXFileReference; lastKnownFileType = "compiled.mach-o.dylib"; name = "libboost_timer-mt.dylib"; path = "/usr/local/Cellar/boost/1.58.0/lib/libboost_timer-mt.dylib"; sourceTree = "<absolute>"; };
		5E8EAD261BE584C8000CC86B /* libboost_timer.dylib */ = {isa = PBXFileReference; lastKnownFileType = "compiled.mach-o.dylib"; name = libboost_timer.dylib; path = /usr/local/Cellar/boost/1.58.0/lib/libboost_timer.dylib; sourceTree = "<absolute>"; };
		5E8EAD271BE584C8000CC86B /* libboost_unit_test_framework-mt.dylib */ = {isa = PBXFileReference; lastKnownFileType = "compiled.mach-o.dylib"; name = "libboost_unit_test_framework-mt.dylib"; path = "/usr/local/Cellar/boost/1.58.0/lib/libboost_unit_test_framework-mt.dylib"; sourceTree = "<absolute>"; };
		5E8EAD281BE584C8000CC86B /* libboost_unit_test_framework.dylib */ = {isa = PBXFileReference; lastKnownFileType = "compiled.mach-o.dylib"; name = libboost_unit_test_framework.dylib; path = /usr/local/Cellar/boost/1.58.0/lib/libboost_unit_test_framework.dylib; sourceTree = "<absolute>"; };
		5E8EAD291BE584C8000CC86B /* libboost_wave-mt.dylib */ = {isa = PBXFileReference; lastKnownFileType = "compiled.mach-o.dylib"; name = "libboost_wave-mt.dylib"; path = "/usr/local/Cellar/boost/1.58.0/lib/libboost_wave-mt.dylib"; sourceTree = "<absolute>"; };
		5E8EAD2A1BE584C8000CC86B /* libboost_wave.dylib */ = {isa = PBXFileReference; lastKnownFileType = "compiled.mach-o.dylib"; name = libboost_wave.dylib; path = /usr/local/Cellar/boost/1.58.0/lib/libboost_wave.dylib; sourceTree = "<absolute>"; };
		5E8EAD2B1BE584C8000CC86B /* libboost_wserialization-mt.dylib */ = {isa = PBXFileReference; lastKnownFileType = "compiled.mach-o.dylib"; name = "libboost_wserialization-mt.dylib"; path = "/usr/local/Cellar/boost/1.58.0/lib/libboost_wserialization-mt.dylib"; sourceTree = "<absolute>"; };
		5E8EAD2C1BE584C8000CC86B /* libboost_wserialization.dylib */ = {isa = PBXFileReference; lastKnownFileType = "compiled.mach-o.dylib"; name = libboost_wserialization.dylib; path = /usr/local/Cellar/boost/1.58.0/lib/libboost_wserialization.dylib; sourceTree = "<absolute>"; };
		5EF701FA1BD2BB26001B3920 /* nk_renderConnect.cpp */ = {isa = PBXFileReference; fileEncoding = 4; lastKnownFileType = sourcecode.cpp.cpp; name = nk_renderConnect.cpp; path = src/nk_renderConnect.cpp; sourceTree = "<group>"; };
/* End PBXFileReference section */

/* Begin PBXFrameworksBuildPhase section */
		5E5DB57C1BD2B10000B506E0 /* Frameworks */ = {
			isa = PBXFrameworksBuildPhase;
			buildActionMask = 2147483647;
			files = (
				5E42D3511BDD087E008F3BB1 /* libboost_context-mt-libstdc++.dylib in Frameworks */,
				5E42D3521BDD087E008F3BB1 /* libboost_date_time-mt-libstdc++.dylib in Frameworks */,
				5E42D3531BDD087E008F3BB1 /* libboost_filesystem-mt-libstdc++.dylib in Frameworks */,
				5E42D3541BDD087E008F3BB1 /* libboost_graph-mt-libstdc++.dylib in Frameworks */,
				5E42D3551BDD087E008F3BB1 /* libboost_iostreams-mt-libstdc++.dylib in Frameworks */,
				5E42D3561BDD087E008F3BB1 /* libboost_locale-mt-libstdc++.dylib in Frameworks */,
				5E42D3571BDD087E008F3BB1 /* libboost_log_setup-mt-libstdc++.dylib in Frameworks */,
				5E42D3581BDD087E008F3BB1 /* libboost_log-mt-libstdc++.dylib in Frameworks */,
				5E42D3591BDD087E008F3BB1 /* libboost_math_c99-mt-libstdc++.dylib in Frameworks */,
				5E42D35A1BDD087E008F3BB1 /* libboost_math_c99f-mt-libstdc++.dylib in Frameworks */,
				5E42D35B1BDD087E008F3BB1 /* libboost_math_c99l-mt-libstdc++.dylib in Frameworks */,
				5E42D35C1BDD087E008F3BB1 /* libboost_math_tr1-mt-libstdc++.dylib in Frameworks */,
				5E42D35D1BDD087E008F3BB1 /* libboost_math_tr1f-mt-libstdc++.dylib in Frameworks */,
				5E42D35E1BDD087E008F3BB1 /* libboost_math_tr1l-mt-libstdc++.dylib in Frameworks */,
				5E42D35F1BDD087E008F3BB1 /* libboost_prg_exec_monitor-mt-libstdc++.dylib in Frameworks */,
				5E42D3601BDD087E008F3BB1 /* libboost_program_options-mt-libstdc++.dylib in Frameworks */,
				5E42D3611BDD087E008F3BB1 /* libboost_python-mt-libstdc++.dylib in Frameworks */,
				5E42D3621BDD087E008F3BB1 /* libboost_random-mt-libstdc++.dylib in Frameworks */,
				5E42D3631BDD087E008F3BB1 /* libboost_regex-mt-libstdc++.dylib in Frameworks */,
				5E42D3641BDD087E008F3BB1 /* libboost_serialization-mt-libstdc++.dylib in Frameworks */,
				5E42D3651BDD087E008F3BB1 /* libboost_signals-mt-libstdc++.dylib in Frameworks */,
				5E42D3661BDD087E008F3BB1 /* libboost_system-mt-libstdc++.dylib in Frameworks */,
				5E42D3671BDD087E008F3BB1 /* libboost_thread-mt-libstdc++.dylib in Frameworks */,
				5E42D3681BDD087E008F3BB1 /* libboost_timer-mt-libstdc++.dylib in Frameworks */,
				5E42D3691BDD087E008F3BB1 /* libboost_unit_test_framework-mt-libstdc++.dylib in Frameworks */,
				5E42D36A1BDD087E008F3BB1 /* libboost_wave-mt-libstdc++.dylib in Frameworks */,
				5E42D36B1BDD087E008F3BB1 /* libboost_wserialization-mt-libstdc++.dylib in Frameworks */,
			);
			runOnlyForDeploymentPostprocessing = 0;
		};
		5E79A04A1BDBD4CD00562B5F /* Frameworks */ = {
			isa = PBXFrameworksBuildPhase;
			buildActionMask = 2147483647;
			files = (
				5E05BACD1BED4CBC00B6670C /* libai.dylib in Frameworks */,
				5E8EAD2D1BE584C8000CC86B /* libboost_atomic-mt.dylib in Frameworks */,
				5E8EAD2E1BE584C8000CC86B /* libboost_chrono-mt.dylib in Frameworks */,
				5E8EAD2F1BE584C8000CC86B /* libboost_chrono.dylib in Frameworks */,
				5E8EAD301BE584C8000CC86B /* libboost_container-mt.dylib in Frameworks */,
				5E8EAD311BE584C8000CC86B /* libboost_container.dylib in Frameworks */,
				5E8EAD321BE584C8000CC86B /* libboost_context-mt.dylib in Frameworks */,
				5E8EAD331BE584C8000CC86B /* libboost_coroutine-mt.dylib in Frameworks */,
				5E8EAD341BE584C8000CC86B /* libboost_coroutine.dylib in Frameworks */,
				5E8EAD351BE584C8000CC86B /* libboost_date_time-mt.dylib in Frameworks */,
				5E8EAD361BE584C8000CC86B /* libboost_date_time.dylib in Frameworks */,
				5E8EAD371BE584C8000CC86B /* libboost_filesystem-mt.dylib in Frameworks */,
				5E8EAD381BE584C8000CC86B /* libboost_filesystem.dylib in Frameworks */,
				5E8EAD391BE584C8000CC86B /* libboost_graph-mt.dylib in Frameworks */,
				5E8EAD3A1BE584C8000CC86B /* libboost_graph.dylib in Frameworks */,
				5E8EAD3B1BE584C8000CC86B /* libboost_iostreams-mt.dylib in Frameworks */,
				5E8EAD3C1BE584C8000CC86B /* libboost_iostreams.dylib in Frameworks */,
				5E8EAD3D1BE584C8000CC86B /* libboost_locale-mt.dylib in Frameworks */,
				5E8EAD3E1BE584C8000CC86B /* libboost_log_setup-mt.dylib in Frameworks */,
				5E8EAD3F1BE584C8000CC86B /* libboost_log_setup.dylib in Frameworks */,
				5E8EAD401BE584C8000CC86B /* libboost_log-mt.dylib in Frameworks */,
				5E8EAD411BE584C8000CC86B /* libboost_log.dylib in Frameworks */,
				5E8EAD421BE584C8000CC86B /* libboost_math_c99-mt.dylib in Frameworks */,
				5E8EAD431BE584C8000CC86B /* libboost_math_c99.dylib in Frameworks */,
				5E8EAD441BE584C8000CC86B /* libboost_math_c99f-mt.dylib in Frameworks */,
				5E8EAD451BE584C8000CC86B /* libboost_math_c99f.dylib in Frameworks */,
				5E8EAD461BE584C8000CC86B /* libboost_math_c99l-mt.dylib in Frameworks */,
				5E8EAD471BE584C8000CC86B /* libboost_math_c99l.dylib in Frameworks */,
				5E8EAD481BE584C8000CC86B /* libboost_math_tr1-mt.dylib in Frameworks */,
				5E8EAD491BE584C8000CC86B /* libboost_math_tr1.dylib in Frameworks */,
				5E8EAD4A1BE584C8000CC86B /* libboost_math_tr1f-mt.dylib in Frameworks */,
				5E8EAD4B1BE584C8000CC86B /* libboost_math_tr1f.dylib in Frameworks */,
				5E8EAD4C1BE584C8000CC86B /* libboost_math_tr1l-mt.dylib in Frameworks */,
				5E8EAD4D1BE584C8000CC86B /* libboost_math_tr1l.dylib in Frameworks */,
				5E8EAD4E1BE584C8000CC86B /* libboost_prg_exec_monitor-mt.dylib in Frameworks */,
				5E8EAD4F1BE584C8000CC86B /* libboost_prg_exec_monitor.dylib in Frameworks */,
				5E8EAD501BE584C8000CC86B /* libboost_program_options-mt.dylib in Frameworks */,
				5E8EAD511BE584C8000CC86B /* libboost_program_options.dylib in Frameworks */,
				5E8EAD521BE584C8000CC86B /* libboost_random-mt.dylib in Frameworks */,
				5E8EAD531BE584C8000CC86B /* libboost_random.dylib in Frameworks */,
				5E8EAD541BE584C8000CC86B /* libboost_regex-mt.dylib in Frameworks */,
				5E8EAD551BE584C8000CC86B /* libboost_regex.dylib in Frameworks */,
				5E8EAD561BE584C8000CC86B /* libboost_serialization-mt.dylib in Frameworks */,
				5E8EAD571BE584C8000CC86B /* libboost_serialization.dylib in Frameworks */,
				5E8EAD581BE584C8000CC86B /* libboost_signals-mt.dylib in Frameworks */,
				5E8EAD591BE584C8000CC86B /* libboost_signals.dylib in Frameworks */,
				5E8EAD5A1BE584C8000CC86B /* libboost_system-mt.dylib in Frameworks */,
				5E8EAD5B1BE584C8000CC86B /* libboost_system.dylib in Frameworks */,
				5E8EAD5C1BE584C8000CC86B /* libboost_thread-mt.dylib in Frameworks */,
				5E8EAD5D1BE584C8000CC86B /* libboost_timer-mt.dylib in Frameworks */,
				5E8EAD5E1BE584C8000CC86B /* libboost_timer.dylib in Frameworks */,
				5E8EAD5F1BE584C8000CC86B /* libboost_unit_test_framework-mt.dylib in Frameworks */,
				5E8EAD601BE584C8000CC86B /* libboost_unit_test_framework.dylib in Frameworks */,
				5E8EAD611BE584C8000CC86B /* libboost_wave-mt.dylib in Frameworks */,
				5E8EAD621BE584C8000CC86B /* libboost_wave.dylib in Frameworks */,
				5E8EAD631BE584C8000CC86B /* libboost_wserialization-mt.dylib in Frameworks */,
				5E8EAD641BE584C8000CC86B /* libboost_wserialization.dylib in Frameworks */,
			);
			runOnlyForDeploymentPostprocessing = 0;
		};
/* End PBXFrameworksBuildPhase section */

/* Begin PBXGroup section */
		5E42D34E1BDD0776008F3BB1 /* boost_libs */ = {
			isa = PBXGroup;
			children = (
				5E42D3141BDD076E008F3BB1 /* libboost_atomic-mt-libstdc++.dylib */,
				5E42D3151BDD076E008F3BB1 /* libboost_chrono-mt-libstdc++.dylib */,
				5E42D3161BDD076E008F3BB1 /* libboost_context-mt-libstdc++.dylib */,
				5E42D3171BDD076E008F3BB1 /* libboost_date_time-mt-libstdc++.dylib */,
				5E42D3181BDD076E008F3BB1 /* libboost_filesystem-mt-libstdc++.dylib */,
				5E42D3191BDD076E008F3BB1 /* libboost_graph-mt-libstdc++.dylib */,
				5E42D31A1BDD076E008F3BB1 /* libboost_iostreams-mt-libstdc++.dylib */,
				5E42D31B1BDD076E008F3BB1 /* libboost_locale-mt-libstdc++.dylib */,
				5E42D31C1BDD076E008F3BB1 /* libboost_log_setup-mt-libstdc++.dylib */,
				5E42D31D1BDD076E008F3BB1 /* libboost_log-mt-libstdc++.dylib */,
				5E42D31E1BDD076E008F3BB1 /* libboost_math_c99-mt-libstdc++.dylib */,
				5E42D31F1BDD076E008F3BB1 /* libboost_math_c99f-mt-libstdc++.dylib */,
				5E42D3201BDD076E008F3BB1 /* libboost_math_c99l-mt-libstdc++.dylib */,
				5E42D3211BDD076E008F3BB1 /* libboost_math_tr1-mt-libstdc++.dylib */,
				5E42D3221BDD076E008F3BB1 /* libboost_math_tr1f-mt-libstdc++.dylib */,
				5E42D3231BDD076E008F3BB1 /* libboost_math_tr1l-mt-libstdc++.dylib */,
				5E42D3241BDD076E008F3BB1 /* libboost_prg_exec_monitor-mt-libstdc++.dylib */,
				5E42D3251BDD076E008F3BB1 /* libboost_program_options-mt-libstdc++.dylib */,
				5E42D3261BDD076E008F3BB1 /* libboost_python-mt-libstdc++.dylib */,
				5E42D3271BDD076E008F3BB1 /* libboost_random-mt-libstdc++.dylib */,
				5E42D3281BDD076E008F3BB1 /* libboost_regex-mt-libstdc++.dylib */,
				5E42D3291BDD076E008F3BB1 /* libboost_serialization-mt-libstdc++.dylib */,
				5E42D32A1BDD076E008F3BB1 /* libboost_signals-mt-libstdc++.dylib */,
				5E42D32B1BDD076E008F3BB1 /* libboost_system-mt-libstdc++.dylib */,
				5E42D32C1BDD076E008F3BB1 /* libboost_thread-mt-libstdc++.dylib */,
				5E42D32D1BDD076E008F3BB1 /* libboost_timer-mt-libstdc++.dylib */,
				5E42D32E1BDD076E008F3BB1 /* libboost_unit_test_framework-mt-libstdc++.dylib */,
				5E42D32F1BDD076E008F3BB1 /* libboost_wave-mt-libstdc++.dylib */,
				5E42D3301BDD076E008F3BB1 /* libboost_wserialization-mt-libstdc++.dylib */,
			);
			name = boost_libs;
			path = ../arnoldConnect;
			sourceTree = "<group>";
		};
		5E5DB5801BD2B10000B506E0 /* renderConnect */ = {
			isa = PBXGroup;
			children = (
				5EF701FA1BD2BB26001B3920 /* nk_renderConnect.cpp */,
				5E42D34E1BDD0776008F3BB1 /* boost_libs */,
				5E5DB5811BD2B10000B506E0 /* Info.plist */,
			);
			name = renderConnect;
			sourceTree = SOURCE_ROOT;
		};
		5E79A04E1BDBD4CD00562B5F /* arnoldConnect */ = {
			isa = PBXGroup;
			children = (
				5E05BACC1BED4CBC00B6670C /* libai.dylib */,
				5E8EAD651BE584D1000CC86B /* boost_libs */,
				5E79A0561BDBD5D300562B5F /* d_arnoldConnect.cpp */,
			);
			name = arnoldConnect;
			sourceTree = SOURCE_ROOT;
		};
		5E8EAD651BE584D1000CC86B /* boost_libs */ = {
			isa = PBXGroup;
			children = (
				5E8EACF51BE584C8000CC86B /* libboost_atomic-mt.dylib */,
				5E8EACF61BE584C8000CC86B /* libboost_chrono-mt.dylib */,
				5E8EACF71BE584C8000CC86B /* libboost_chrono.dylib */,
				5E8EACF81BE584C8000CC86B /* libboost_container-mt.dylib */,
				5E8EACF91BE584C8000CC86B /* libboost_container.dylib */,
				5E8EACFA1BE584C8000CC86B /* libboost_context-mt.dylib */,
				5E8EACFB1BE584C8000CC86B /* libboost_coroutine-mt.dylib */,
				5E8EACFC1BE584C8000CC86B /* libboost_coroutine.dylib */,
				5E8EACFD1BE584C8000CC86B /* libboost_date_time-mt.dylib */,
				5E8EACFE1BE584C8000CC86B /* libboost_date_time.dylib */,
				5E8EACFF1BE584C8000CC86B /* libboost_filesystem-mt.dylib */,
				5E8EAD001BE584C8000CC86B /* libboost_filesystem.dylib */,
				5E8EAD011BE584C8000CC86B /* libboost_graph-mt.dylib */,
				5E8EAD021BE584C8000CC86B /* libboost_graph.dylib */,
				5E8EAD031BE584C8000CC86B /* libboost_iostreams-mt.dylib */,
				5E8EAD041BE584C8000CC86B /* libboost_iostreams.dylib */,
				5E8EAD051BE584C8000CC86B /* libboost_locale-mt.dylib */,
				5E8EAD061BE584C8000CC86B /* libboost_log_setup-mt.dylib */,
				5E8EAD071BE584C8000CC86B /* libboost_log_setup.dylib */,
				5E8EAD081BE584C8000CC86B /* libboost_log-mt.dylib */,
				5E8EAD091BE584C8000CC86B /* libboost_log.dylib */,
				5E8EAD0A1BE584C8000CC86B /* libboost_math_c99-mt.dylib */,
				5E8EAD0B1BE584C8000CC86B /* libboost_math_c99.dylib */,
				5E8EAD0C1BE584C8000CC86B /* libboost_math_c99f-mt.dylib */,
				5E8EAD0D1BE584C8000CC86B /* libboost_math_c99f.dylib */,
				5E8EAD0E1BE584C8000CC86B /* libboost_math_c99l-mt.dylib */,
				5E8EAD0F1BE584C8000CC86B /* libboost_math_c99l.dylib */,
				5E8EAD101BE584C8000CC86B /* libboost_math_tr1-mt.dylib */,
				5E8EAD111BE584C8000CC86B /* libboost_math_tr1.dylib */,
				5E8EAD121BE584C8000CC86B /* libboost_math_tr1f-mt.dylib */,
				5E8EAD131BE584C8000CC86B /* libboost_math_tr1f.dylib */,
				5E8EAD141BE584C8000CC86B /* libboost_math_tr1l-mt.dylib */,
				5E8EAD151BE584C8000CC86B /* libboost_math_tr1l.dylib */,
				5E8EAD161BE584C8000CC86B /* libboost_prg_exec_monitor-mt.dylib */,
				5E8EAD171BE584C8000CC86B /* libboost_prg_exec_monitor.dylib */,
				5E8EAD181BE584C8000CC86B /* libboost_program_options-mt.dylib */,
				5E8EAD191BE584C8000CC86B /* libboost_program_options.dylib */,
				5E8EAD1A1BE584C8000CC86B /* libboost_random-mt.dylib */,
				5E8EAD1B1BE584C8000CC86B /* libboost_random.dylib */,
				5E8EAD1C1BE584C8000CC86B /* libboost_regex-mt.dylib */,
				5E8EAD1D1BE584C8000CC86B /* libboost_regex.dylib */,
				5E8EAD1E1BE584C8000CC86B /* libboost_serialization-mt.dylib */,
				5E8EAD1F1BE584C8000CC86B /* libboost_serialization.dylib */,
				5E8EAD201BE584C8000CC86B /* libboost_signals-mt.dylib */,
				5E8EAD211BE584C8000CC86B /* libboost_signals.dylib */,
				5E8EAD221BE584C8000CC86B /* libboost_system-mt.dylib */,
				5E8EAD231BE584C8000CC86B /* libboost_system.dylib */,
				5E8EAD241BE584C8000CC86B /* libboost_thread-mt.dylib */,
				5E8EAD251BE584C8000CC86B /* libboost_timer-mt.dylib */,
				5E8EAD261BE584C8000CC86B /* libboost_timer.dylib */,
				5E8EAD271BE584C8000CC86B /* libboost_unit_test_framework-mt.dylib */,
				5E8EAD281BE584C8000CC86B /* libboost_unit_test_framework.dylib */,
				5E8EAD291BE584C8000CC86B /* libboost_wave-mt.dylib */,
				5E8EAD2A1BE584C8000CC86B /* libboost_wave.dylib */,
				5E8EAD2B1BE584C8000CC86B /* libboost_wserialization-mt.dylib */,
				5E8EAD2C1BE584C8000CC86B /* libboost_wserialization.dylib */,
			);
			name = boost_libs;
			path = ..;
			sourceTree = "<group>";
		};
		5EF3AD1A1BCA98C8004A2360 = {
			isa = PBXGroup;
			children = (
				5E79A0751BDBE7BD00562B5F /* Client.cpp */,
				5E79A0761BDBE7BD00562B5F /* Client.h */,
				5E79A0771BDBE7BD00562B5F /* Data.cpp */,
				5E79A0781BDBE7BD00562B5F /* Data.h */,
				5E79A0791BDBE7BD00562B5F /* Server.cpp */,
				5E79A07A1BDBE7BD00562B5F /* Server.h */,
				5E5DB5801BD2B10000B506E0 /* renderConnect */,
				5E79A04E1BDBD4CD00562B5F /* arnoldConnect */,
				5EF3AD261BCA98D4004A2360 /* Products */,
			);
			sourceTree = "<group>";
		};
		5EF3AD261BCA98D4004A2360 /* Products */ = {
			isa = PBXGroup;
			children = (
				5E5DB57F1BD2B10000B506E0 /* RenderConnect.bundle */,
				5E79A04D1BDBD4CD00562B5F /* arnoldConnect.dylib */,
			);
			name = Products;
			sourceTree = "<group>";
		};
/* End PBXGroup section */

/* Begin PBXHeadersBuildPhase section */
		5E79A04B1BDBD4CD00562B5F /* Headers */ = {
			isa = PBXHeadersBuildPhase;
			buildActionMask = 2147483647;
			files = (
				5E79A0831BDBE7BD00562B5F /* Server.h in Headers */,
				5E79A0801BDBE7BD00562B5F /* Data.h in Headers */,
				5E79A07D1BDBE7BD00562B5F /* Client.h in Headers */,
			);
			runOnlyForDeploymentPostprocessing = 0;
		};
/* End PBXHeadersBuildPhase section */

/* Begin PBXNativeTarget section */
		5E5DB57E1BD2B10000B506E0 /* RenderConnect */ = {
			isa = PBXNativeTarget;
			buildConfigurationList = 5E5DB5821BD2B10000B506E0 /* Build configuration list for PBXNativeTarget "RenderConnect" */;
			buildPhases = (
				5E5DB57B1BD2B10000B506E0 /* Sources */,
				5E5DB57C1BD2B10000B506E0 /* Frameworks */,
				5E5DB57D1BD2B10000B506E0 /* Resources */,
			);
			buildRules = (
			);
			dependencies = (
			);
			name = RenderConnect;
			productName = renderConnect;
			productReference = 5E5DB57F1BD2B10000B506E0 /* RenderConnect.bundle */;
			productType = "com.apple.product-type.bundle";
		};
		5E79A04C1BDBD4CD00562B5F /* arnoldConnect */ = {
			isa = PBXNativeTarget;
			buildConfigurationList = 5E79A0551BDBD4CD00562B5F /* Build configuration list for PBXNativeTarget "arnoldConnect" */;
			buildPhases = (
				5E79A0491BDBD4CD00562B5F /* Sources */,
				5E79A04A1BDBD4CD00562B5F /* Frameworks */,
				5E79A04B1BDBD4CD00562B5F /* Headers */,
			);
			buildRules = (
			);
			dependencies = (
			);
			name = arnoldConnect;
			productName = arnoldConnect;
			productReference = 5E79A04D1BDBD4CD00562B5F /* arnoldConnect.dylib */;
			productType = "com.apple.product-type.library.dynamic";
		};
/* End PBXNativeTarget section */

/* Begin PBXProject section */
		5EF3AD1B1BCA98C8004A2360 /* Project object */ = {
			isa = PBXProject;
			attributes = {
				LastUpgradeCheck = 0710;
				TargetAttributes = {
					5E5DB57E1BD2B10000B506E0 = {
						CreatedOnToolsVersion = 7.0.1;
					};
					5E79A04C1BDBD4CD00562B5F = {
						CreatedOnToolsVersion = 7.1;
					};
				};
			};
			buildConfigurationList = 5EF3AD1E1BCA98C8004A2360 /* Build configuration list for PBXProject "RenderConnect" */;
			compatibilityVersion = "Xcode 3.2";
			developmentRegion = English;
			hasScannedForEncodings = 0;
			knownRegions = (
				en,
			);
			mainGroup = 5EF3AD1A1BCA98C8004A2360;
			productRefGroup = 5EF3AD261BCA98D4004A2360 /* Products */;
			projectDirPath = "";
			projectRoot = "";
			targets = (
				5E5DB57E1BD2B10000B506E0 /* RenderConnect */,
				5E79A04C1BDBD4CD00562B5F /* arnoldConnect */,
			);
		};
/* End PBXProject section */

/* Begin PBXResourcesBuildPhase section */
		5E5DB57D1BD2B10000B506E0 /* Resources */ = {
			isa = PBXResourcesBuildPhase;
			buildActionMask = 2147483647;
			files = (
			);
			runOnlyForDeploymentPostprocessing = 0;
		};
/* End PBXResourcesBuildPhase section */

/* Begin PBXSourcesBuildPhase section */
		5E5DB57B1BD2B10000B506E0 /* Sources */ = {
			isa = PBXSourcesBuildPhase;
			buildActionMask = 2147483647;
			files = (
				5E42D25D1BDCF90B008F3BB1 /* Client.cpp in Sources */,
				5E42D25E1BDCF90B008F3BB1 /* Data.cpp in Sources */,
				5E42D25F1BDCF90B008F3BB1 /* Server.cpp in Sources */,
				5EF701FB1BD2BB26001B3920 /* nk_renderConnect.cpp in Sources */,
			);
			runOnlyForDeploymentPostprocessing = 0;
		};
		5E79A0491BDBD4CD00562B5F /* Sources */ = {
			isa = PBXSourcesBuildPhase;
			buildActionMask = 2147483647;
			files = (
				5E79A07F1BDBE7BD00562B5F /* Data.cpp in Sources */,
				5E79A07C1BDBE7BD00562B5F /* Client.cpp in Sources */,
				5E79A0821BDBE7BD00562B5F /* Server.cpp in Sources */,
				5E79A0571BDBD5D300562B5F /* d_arnoldConnect.cpp in Sources */,
			);
			runOnlyForDeploymentPostprocessing = 0;
		};
/* End PBXSourcesBuildPhase section */

/* Begin XCBuildConfiguration section */
		5E5DB5831BD2B10000B506E0 /* Debug */ = {
			isa = XCBuildConfiguration;
			buildSettings = {
				ALWAYS_SEARCH_USER_PATHS = NO;
				CLANG_CXX_LANGUAGE_STANDARD = "gnu++0x";
				CLANG_CXX_LIBRARY = "libstdc++";
				CLANG_ENABLE_MODULES = YES;
				CLANG_ENABLE_OBJC_ARC = YES;
				CLANG_WARN_BOOL_CONVERSION = YES;
				CLANG_WARN_CONSTANT_CONVERSION = YES;
				CLANG_WARN_DIRECT_OBJC_ISA_USAGE = YES_ERROR;
				CLANG_WARN_EMPTY_BODY = YES;
				CLANG_WARN_ENUM_CONVERSION = YES;
				CLANG_WARN_INT_CONVERSION = YES;
				CLANG_WARN_OBJC_ROOT_CLASS = YES_ERROR;
				CLANG_WARN_UNREACHABLE_CODE = YES;
				CLANG_WARN__DUPLICATE_METHOD_MATCH = YES;
				COMBINE_HIDPI_IMAGES = YES;
				COPY_PHASE_STRIP = NO;
				DEBUG_INFORMATION_FORMAT = dwarf;
				ENABLE_STRICT_OBJC_MSGSEND = YES;
				ENABLE_TESTABILITY = YES;
				GCC_C_LANGUAGE_STANDARD = gnu99;
				GCC_DYNAMIC_NO_PIC = NO;
				GCC_NO_COMMON_BLOCKS = YES;
				GCC_OPTIMIZATION_LEVEL = 0;
				GCC_PREPROCESSOR_DEFINITIONS = (
					"DEBUG=1",
					"$(inherited)",
				);
				GCC_WARN_64_TO_32_BIT_CONVERSION = YES;
				GCC_WARN_ABOUT_RETURN_TYPE = YES_ERROR;
				GCC_WARN_UNDECLARED_SELECTOR = YES;
				GCC_WARN_UNINITIALIZED_AUTOS = YES_AGGRESSIVE;
				GCC_WARN_UNUSED_FUNCTION = YES;
				GCC_WARN_UNUSED_VARIABLE = YES;
				HEADER_SEARCH_PATHS = (
					"$(Nuke_INSTALL_PATH)/include",
					/Users/Sosoyan/Documents/Development/API/Boost/1.54.0/include,
				);
				"HEADER_SEARCH_PATHS[arch=*]" = (
					"$(Nuke_INSTALL_PATH)/include",
					/Users/Sosoyan/Documents/Development/API/Boost/1.54.0/include,
				);
				INFOPLIST_FILE = src/Info.plist;
				INSTALL_PATH = "$(LOCAL_LIBRARY_DIR)/Bundles";
				LIBRARY_SEARCH_PATHS = (
					"$(Nuke_INSTALL_PATH)",
					/Users/Sosoyan/Documents/Development/API/Boost/1.54.0/lib,
					"$(PROJECT_DIR)/arnoldConnect",
				);
				"LIBRARY_SEARCH_PATHS[arch=*]" = (
					"$(Nuke_INSTALL_PATH)",
					/Users/Sosoyan/Documents/Development/API/Boost/1.54.0/lib,
				);
				MACH_O_TYPE = mh_bundle;
				MACOSX_DEPLOYMENT_TARGET = 10.6;
				MTL_ENABLE_DEBUG_INFO = YES;
				Nuke_INSTALL_PATH = /Users/Sosoyan/Documents/Development/API/Nuke/9.0v7;
				ONLY_ACTIVE_ARCH = YES;
				OTHER_LDFLAGS = (
					"-lGLEW",
					"-lDDImage",
				);
				PRODUCT_BUNDLE_IDENTIFIER = Sosoyan.renderConnect;
				PRODUCT_NAME = RenderConnect;
				SDKROOT = macosx;
				SKIP_INSTALL = YES;
				WRAPPER_EXTENSION = bundle;
			};
			name = Debug;
		};
		5E5DB5841BD2B10000B506E0 /* Release */ = {
			isa = XCBuildConfiguration;
			buildSettings = {
				ALWAYS_SEARCH_USER_PATHS = NO;
				CLANG_CXX_LANGUAGE_STANDARD = "gnu++0x";
				CLANG_CXX_LIBRARY = "libstdc++";
				CLANG_ENABLE_MODULES = YES;
				CLANG_ENABLE_OBJC_ARC = YES;
				CLANG_WARN_BOOL_CONVERSION = YES;
				CLANG_WARN_CONSTANT_CONVERSION = YES;
				CLANG_WARN_DIRECT_OBJC_ISA_USAGE = YES_ERROR;
				CLANG_WARN_EMPTY_BODY = YES;
				CLANG_WARN_ENUM_CONVERSION = YES;
				CLANG_WARN_INT_CONVERSION = YES;
				CLANG_WARN_OBJC_ROOT_CLASS = YES_ERROR;
				CLANG_WARN_UNREACHABLE_CODE = YES;
				CLANG_WARN__DUPLICATE_METHOD_MATCH = YES;
				COMBINE_HIDPI_IMAGES = YES;
				COPY_PHASE_STRIP = NO;
				DEBUG_INFORMATION_FORMAT = "dwarf-with-dsym";
				ENABLE_NS_ASSERTIONS = NO;
				ENABLE_STRICT_OBJC_MSGSEND = YES;
				GCC_C_LANGUAGE_STANDARD = gnu99;
				GCC_NO_COMMON_BLOCKS = YES;
				GCC_WARN_64_TO_32_BIT_CONVERSION = YES;
				GCC_WARN_ABOUT_RETURN_TYPE = YES_ERROR;
				GCC_WARN_UNDECLARED_SELECTOR = YES;
				GCC_WARN_UNINITIALIZED_AUTOS = YES_AGGRESSIVE;
				GCC_WARN_UNUSED_FUNCTION = YES;
				GCC_WARN_UNUSED_VARIABLE = YES;
				HEADER_SEARCH_PATHS = (
					"$(Nuke_INSTALL_PATH)/include",
					/Users/Sosoyan/Documents/Development/API/Boost/1.54.0/include,
				);
				"HEADER_SEARCH_PATHS[arch=*]" = (
					"$(Nuke_INSTALL_PATH)/include",
					/Users/Sosoyan/Documents/Development/API/Boost/1.54.0/include,
				);
				INFOPLIST_FILE = src/Info.plist;
				INSTALL_PATH = "$(LOCAL_LIBRARY_DIR)/Bundles";
				LIBRARY_SEARCH_PATHS = (
					"$(Nuke_INSTALL_PATH)",
					/Users/Sosoyan/Documents/Development/API/Boost/1.54.0/lib,
					"$(PROJECT_DIR)/arnoldConnect",
				);
				"LIBRARY_SEARCH_PATHS[arch=*]" = (
					"$(Nuke_INSTALL_PATH)",
					/Users/Sosoyan/Documents/Development/API/Boost/1.54.0/lib,
				);
				MACH_O_TYPE = mh_bundle;
				MACOSX_DEPLOYMENT_TARGET = 10.6;
				MTL_ENABLE_DEBUG_INFO = NO;
				Nuke_INSTALL_PATH = /Users/Sosoyan/Documents/Development/API/Nuke/9.0v7;
				OTHER_LDFLAGS = (
					"-lGLEW",
					"-lDDImage",
				);
				PRODUCT_BUNDLE_IDENTIFIER = Sosoyan.renderConnect;
				PRODUCT_NAME = RenderConnect;
				SDKROOT = macosx;
				SKIP_INSTALL = YES;
				WRAPPER_EXTENSION = bundle;
			};
			name = Release;
		};
		5E79A0531BDBD4CD00562B5F /* Debug */ = {
			isa = XCBuildConfiguration;
			buildSettings = {
				ALWAYS_SEARCH_USER_PATHS = NO;
				CLANG_CXX_LANGUAGE_STANDARD = "gnu++0x";
				CLANG_CXX_LIBRARY = "libc++";
				CLANG_ENABLE_MODULES = YES;
				CLANG_ENABLE_OBJC_ARC = YES;
				CLANG_WARN_BOOL_CONVERSION = YES;
				CLANG_WARN_CONSTANT_CONVERSION = YES;
				CLANG_WARN_DIRECT_OBJC_ISA_USAGE = YES_ERROR;
				CLANG_WARN_EMPTY_BODY = YES;
				CLANG_WARN_ENUM_CONVERSION = YES;
				CLANG_WARN_INT_CONVERSION = YES;
				CLANG_WARN_OBJC_ROOT_CLASS = YES_ERROR;
				CLANG_WARN_UNREACHABLE_CODE = YES;
				CLANG_WARN__DUPLICATE_METHOD_MATCH = YES;
				CODE_SIGN_IDENTITY = "-";
				COPY_PHASE_STRIP = NO;
				DEBUG_INFORMATION_FORMAT = dwarf;
				DYLIB_COMPATIBILITY_VERSION = 1;
				DYLIB_CURRENT_VERSION = 1;
				ENABLE_STRICT_OBJC_MSGSEND = YES;
				EXECUTABLE_PREFIX = "";
				GCC_C_LANGUAGE_STANDARD = gnu99;
				GCC_DYNAMIC_NO_PIC = NO;
				GCC_NO_COMMON_BLOCKS = YES;
				GCC_OPTIMIZATION_LEVEL = 0;
				GCC_PREPROCESSOR_DEFINITIONS = (
					"DEBUG=1",
					"$(inherited)",
				);
				GCC_WARN_64_TO_32_BIT_CONVERSION = YES;
				GCC_WARN_ABOUT_RETURN_TYPE = YES_ERROR;
				GCC_WARN_UNDECLARED_SELECTOR = YES;
				GCC_WARN_UNINITIALIZED_AUTOS = YES_AGGRESSIVE;
				GCC_WARN_UNUSED_FUNCTION = YES;
				GCC_WARN_UNUSED_VARIABLE = YES;
				HEADER_SEARCH_PATHS = (
					/Users/Sosoyan/Documents/Development/API/Arnold/4.2.6.2/include,
					/usr/local/include,
				);
				"HEADER_SEARCH_PATHS[arch=*]" = (
					/Users/Sosoyan/Documents/Development/API/Arnold/4.2.6.2/include,
					/usr/local/include,
				);
				LIBRARY_SEARCH_PATHS = (
					/Users/Sosoyan/Documents/Development/API/Arnold/4.2.6.2/bin,
					/usr/local/Cellar/boost/1.58.0/lib,
				);
				"LIBRARY_SEARCH_PATHS[arch=*]" = (
					/Users/Sosoyan/Documents/Development/API/Arnold/4.2.6.2/bin,
					/usr/local/Cellar/boost/1.58.0/lib,
				);
				MACOSX_DEPLOYMENT_TARGET = 10.11;
				MTL_ENABLE_DEBUG_INFO = YES;
				PRODUCT_NAME = "$(TARGET_NAME)";
				SDKROOT = macosx;
			};
			name = Debug;
		};
		5E79A0541BDBD4CD00562B5F /* Release */ = {
			isa = XCBuildConfiguration;
			buildSettings = {
				ALWAYS_SEARCH_USER_PATHS = NO;
				CLANG_CXX_LANGUAGE_STANDARD = "gnu++0x";
				CLANG_CXX_LIBRARY = "libc++";
				CLANG_ENABLE_MODULES = YES;
				CLANG_ENABLE_OBJC_ARC = YES;
				CLANG_WARN_BOOL_CONVERSION = YES;
				CLANG_WARN_CONSTANT_CONVERSION = YES;
				CLANG_WARN_DIRECT_OBJC_ISA_USAGE = YES_ERROR;
				CLANG_WARN_EMPTY_BODY = YES;
				CLANG_WARN_ENUM_CONVERSION = YES;
				CLANG_WARN_INT_CONVERSION = YES;
				CLANG_WARN_OBJC_ROOT_CLASS = YES_ERROR;
				CLANG_WARN_UNREACHABLE_CODE = YES;
				CLANG_WARN__DUPLICATE_METHOD_MATCH = YES;
				CODE_SIGN_IDENTITY = "-";
				COPY_PHASE_STRIP = NO;
				DEBUG_INFORMATION_FORMAT = "dwarf-with-dsym";
				DYLIB_COMPATIBILITY_VERSION = 1;
				DYLIB_CURRENT_VERSION = 1;
				ENABLE_NS_ASSERTIONS = NO;
				ENABLE_STRICT_OBJC_MSGSEND = YES;
				EXECUTABLE_PREFIX = "";
				GCC_C_LANGUAGE_STANDARD = gnu99;
				GCC_NO_COMMON_BLOCKS = YES;
				GCC_WARN_64_TO_32_BIT_CONVERSION = YES;
				GCC_WARN_ABOUT_RETURN_TYPE = YES_ERROR;
				GCC_WARN_UNDECLARED_SELECTOR = YES;
				GCC_WARN_UNINITIALIZED_AUTOS = YES_AGGRESSIVE;
				GCC_WARN_UNUSED_FUNCTION = YES;
				GCC_WARN_UNUSED_VARIABLE = YES;
				HEADER_SEARCH_PATHS = (
					/Users/Sosoyan/Documents/Development/API/Arnold/4.2.6.2/include,
					/usr/local/include,
				);
				"HEADER_SEARCH_PATHS[arch=*]" = (
					/Users/Sosoyan/Documents/Development/API/Arnold/4.2.6.2/include,
					/usr/local/include,
				);
				LIBRARY_SEARCH_PATHS = (
					/Users/Sosoyan/Documents/Development/API/Arnold/4.2.6.2/bin,
					/usr/local/Cellar/boost/1.58.0/lib,
				);
				"LIBRARY_SEARCH_PATHS[arch=*]" = (
					/Users/Sosoyan/Documents/Development/API/Arnold/4.2.6.2/bin,
					/usr/local/Cellar/boost/1.58.0/lib,
				);
				MACOSX_DEPLOYMENT_TARGET = 10.11;
				MTL_ENABLE_DEBUG_INFO = NO;
				PRODUCT_NAME = "$(TARGET_NAME)";
				SDKROOT = macosx;
			};
			name = Release;
		};
		5EF3AD1F1BCA98C8004A2360 /* Debug */ = {
			isa = XCBuildConfiguration;
			buildSettings = {
				ENABLE_TESTABILITY = YES;
				"HEADER_SEARCH_PATHS[arch=*]" = (
					/Users/Sosoyan/Documents/Development/API/Arnold/4.2.6.2/include,
					/usr/local/include,
				);
				"LIBRARY_SEARCH_PATHS[arch=*]" = (
					/Users/Sosoyan/Documents/Development/API/Arnold/4.2.6.2/bin,
					/usr/local/lib,
				);
				MACOSX_DEPLOYMENT_TARGET = 10.6;
				ONLY_ACTIVE_ARCH = YES;
			};
			name = Debug;
		};
		5EF3AD201BCA98C8004A2360 /* Release */ = {
			isa = XCBuildConfiguration;
			buildSettings = {
				"HEADER_SEARCH_PATHS[arch=*]" = (
					/usr/local/include,
					/Users/Sosoyan/Documents/Development/API/Arnold/4.2.6.2/include,
				);
				"LIBRARY_SEARCH_PATHS[arch=*]" = (
					/Users/Sosoyan/Documents/Development/API/Arnold/4.2.6.2/bin,
					/usr/local/lib,
				);
				MACOSX_DEPLOYMENT_TARGET = 10.6;
			};
			name = Release;
		};
/* End XCBuildConfiguration section */

/* Begin XCConfigurationList section */
		5E5DB5821BD2B10000B506E0 /* Build configuration list for PBXNativeTarget "RenderConnect" */ = {
			isa = XCConfigurationList;
			buildConfigurations = (
				5E5DB5831BD2B10000B506E0 /* Debug */,
				5E5DB5841BD2B10000B506E0 /* Release */,
			);
			defaultConfigurationIsVisible = 0;
			defaultConfigurationName = Release;
		};
		5E79A0551BDBD4CD00562B5F /* Build configuration list for PBXNativeTarget "arnoldConnect" */ = {
			isa = XCConfigurationList;
			buildConfigurations = (
				5E79A0531BDBD4CD00562B5F /* Debug */,
				5E79A0541BDBD4CD00562B5F /* Release */,
			);
			defaultConfigurationIsVisible = 0;
			defaultConfigurationName = Release;
		};
		5EF3AD1E1BCA98C8004A2360 /* Build configuration list for PBXProject "RenderConnect" */ = {
			isa = XCConfigurationList;
			buildConfigurations = (
				5EF3AD1F1BCA98C8004A2360 /* Debug */,
				5EF3AD201BCA98C8004A2360 /* Release */,
			);
			defaultConfigurationIsVisible = 0;
			defaultConfigurationName = Release;
		};
/* End XCConfigurationList section */
	};
	rootObject = 5EF3AD1B1BCA98C8004A2360 /* Project object */;
}
